// !$*UTF8*$!
{
	archiveVersion = 1;
	classes = {
	};
	objectVersion = 46;
	objects = {

/* Begin PBXBuildFile section */
		BCAA8F311C80226C002F5047 /* main.m in Sources */ = {isa = PBXBuildFile; fileRef = BCAA8F301C80226C002F5047 /* main.m */; };
		BCAA8F341C80226C002F5047 /* AppDelegate.m in Sources */ = {isa = PBXBuildFile; fileRef = BCAA8F331C80226C002F5047 /* AppDelegate.m */; };
		BCAA8F371C80226C002F5047 /* ViewController.m in Sources */ = {isa = PBXBuildFile; fileRef = BCAA8F361C80226C002F5047 /* ViewController.m */; };
		BCAA8F3A1C80226C002F5047 /* Main.storyboard in Resources */ = {isa = PBXBuildFile; fileRef = BCAA8F381C80226C002F5047 /* Main.storyboard */; };
		BCAA8F3C1C80226C002F5047 /* Assets.xcassets in Resources */ = {isa = PBXBuildFile; fileRef = BCAA8F3B1C80226C002F5047 /* Assets.xcassets */; };
		BCAA8F3F1C80226C002F5047 /* LaunchScreen.storyboard in Resources */ = {isa = PBXBuildFile; fileRef = BCAA8F3D1C80226C002F5047 /* LaunchScreen.storyboard */; };
		BCAA8F4A1C80226C002F5047 /* GitDemo1Tests.m in Sources */ = {isa = PBXBuildFile; fileRef = BCAA8F491C80226C002F5047 /* GitDemo1Tests.m */; };
		BCAA8F551C80226C002F5047 /* GitDemo1UITests.m in Sources */ = {isa = PBXBuildFile; fileRef = BCAA8F541C80226C002F5047 /* GitDemo1UITests.m */; };
		BCAA8F651C8025D3002F5047 /* Person.m in Sources */ = {isa = PBXBuildFile; fileRef = BCAA8F641C8025D3002F5047 /* Person.m */; };
/* End PBXBuildFile section */

/* Begin PBXContainerItemProxy section */
		BCAA8F461C80226C002F5047 /* PBXContainerItemProxy */ = {
			isa = PBXContainerItemProxy;
			containerPortal = BCAA8F241C80226B002F5047 /* Project object */;
			proxyType = 1;
			remoteGlobalIDString = BCAA8F2B1C80226B002F5047;
			remoteInfo = GitDemo1;
		};
		BCAA8F511C80226C002F5047 /* PBXContainerItemProxy */ = {
			isa = PBXContainerItemProxy;
			containerPortal = BCAA8F241C80226B002F5047 /* Project object */;
			proxyType = 1;
			remoteGlobalIDString = BCAA8F2B1C80226B002F5047;
			remoteInfo = GitDemo1;
		};
/* End PBXContainerItemProxy section */

/* Begin PBXFileReference section */
		BCAA8F2C1C80226B002F5047 /* GitDemo1.app */ = {isa = PBXFileReference; explicitFileType = wrapper.application; includeInIndex = 0; path = GitDemo1.app; sourceTree = BUILT_PRODUCTS_DIR; };
		BCAA8F301C80226C002F5047 /* main.m */ = {isa = PBXFileReference; lastKnownFileType = sourcecode.c.objc; path = main.m; sourceTree = "<group>"; };
		BCAA8F321C80226C002F5047 /* AppDelegate.h */ = {isa = PBXFileReference; lastKnownFileType = sourcecode.c.h; path = AppDelegate.h; sourceTree = "<group>"; };
		BCAA8F331C80226C002F5047 /* AppDelegate.m */ = {isa = PBXFileReference; lastKnownFileType = sourcecode.c.objc; path = AppDelegate.m; sourceTree = "<group>"; };
		BCAA8F351C80226C002F5047 /* ViewController.h */ = {isa = PBXFileReference; lastKnownFileType = sourcecode.c.h; path = ViewController.h; sourceTree = "<group>"; };
		BCAA8F361C80226C002F5047 /* ViewController.m */ = {isa = PBXFileReference; lastKnownFileType = sourcecode.c.objc; path = ViewController.m; sourceTree = "<group>"; };
		BCAA8F391C80226C002F5047 /* Base */ = {isa = PBXFileReference; lastKnownFileType = file.storyboard; name = Base; path = Base.lproj/Main.storyboard; sourceTree = "<group>"; };
		BCAA8F3B1C80226C002F5047 /* Assets.xcassets */ = {isa = PBXFileReference; lastKnownFileType = folder.assetcatalog; path = Assets.xcassets; sourceTree = "<group>"; };
		BCAA8F3E1C80226C002F5047 /* Base */ = {isa = PBXFileReference; lastKnownFileType = file.storyboard; name = Base; path = Base.lproj/LaunchScreen.storyboard; sourceTree = "<group>"; };
		BCAA8F401C80226C002F5047 /* Info.plist */ = {isa = PBXFileReference; lastKnownFileType = text.plist.xml; path = Info.plist; sourceTree = "<group>"; };
		BCAA8F451C80226C002F5047 /* GitDemo1Tests.xctest */ = {isa = PBXFileReference; explicitFileType = wrapper.cfbundle; includeInIndex = 0; path = GitDemo1Tests.xctest; sourceTree = BUILT_PRODUCTS_DIR; };
		BCAA8F491C80226C002F5047 /* GitDemo1Tests.m */ = {isa = PBXFileReference; lastKnownFileType = sourcecode.c.objc; path = GitDemo1Tests.m; sourceTree = "<group>"; };
		BCAA8F4B1C80226C002F5047 /* Info.plist */ = {isa = PBXFileReference; lastKnownFileType = text.plist.xml; path = Info.plist; sourceTree = "<group>"; };
		BCAA8F501C80226C002F5047 /* GitDemo1UITests.xctest */ = {isa = PBXFileReference; explicitFileType = wrapper.cfbundle; includeInIndex = 0; path = GitDemo1UITests.xctest; sourceTree = BUILT_PRODUCTS_DIR; };
		BCAA8F541C80226C002F5047 /* GitDemo1UITests.m */ = {isa = PBXFileReference; lastKnownFileType = sourcecode.c.objc; path = GitDemo1UITests.m; sourceTree = "<group>"; };
		BCAA8F561C80226C002F5047 /* Info.plist */ = {isa = PBXFileReference; lastKnownFileType = text.plist.xml; path = Info.plist; sourceTree = "<group>"; };
		BCAA8F631C8025D3002F5047 /* Person.h */ = {isa = PBXFileReference; fileEncoding = 4; lastKnownFileType = sourcecode.c.h; path = Person.h; sourceTree = "<group>"; };
		BCAA8F641C8025D3002F5047 /* Person.m */ = {isa = PBXFileReference; fileEncoding = 4; lastKnownFileType = sourcecode.c.objc; path = Person.m; sourceTree = "<group>"; };
/* End PBXFileReference section */

/* Begin PBXFrameworksBuildPhase section */
		BCAA8F291C80226B002F5047 /* Frameworks */ = {
			isa = PBXFrameworksBuildPhase;
			buildActionMask = 2147483647;
			files = (
			);
			runOnlyForDeploymentPostprocessing = 0;
		};
		BCAA8F421C80226C002F5047 /* Frameworks */ = {
			isa = PBXFrameworksBuildPhase;
			buildActionMask = 2147483647;
			files = (
			);
			runOnlyForDeploymentPostprocessing = 0;
		};
		BCAA8F4D1C80226C002F5047 /* Frameworks */ = {
			isa = PBXFrameworksBuildPhase;
			buildActionMask = 2147483647;
			files = (
			);
			runOnlyForDeploymentPostprocessing = 0;
		};
/* End PBXFrameworksBuildPhase section */

/* Begin PBXGroup section */
		BCAA8F231C80226B002F5047 = {
			isa = PBXGroup;
			children = (
				BCAA8F2E1C80226B002F5047 /* GitDemo1 */,
				BCAA8F481C80226C002F5047 /* GitDemo1Tests */,
				BCAA8F531C80226C002F5047 /* GitDemo1UITests */,
				BCAA8F2D1C80226B002F5047 /* Products */,
			);
			sourceTree = "<group>";
		};
		BCAA8F2D1C80226B002F5047 /* Products */ = {
			isa = PBXGroup;
			children = (
				BCAA8F2C1C80226B002F5047 /* GitDemo1.app */,
				BCAA8F451C80226C002F5047 /* GitDemo1Tests.xctest */,
				BCAA8F501C80226C002F5047 /* GitDemo1UITests.xctest */,
			);
			name = Products;
			sourceTree = "<group>";
		};
		BCAA8F2E1C80226B002F5047 /* GitDemo1 */ = {
			isa = PBXGroup;
			children = (
				BCAA8F621C8025B7002F5047 /* A */,
				BCAA8F321C80226C002F5047 /* AppDelegate.h */,
				BCAA8F331C80226C002F5047 /* AppDelegate.m */,
				BCAA8F351C80226C002F5047 /* ViewController.h */,
				BCAA8F361C80226C002F5047 /* ViewController.m */,
				BCAA8F381C80226C002F5047 /* Main.storyboard */,
				BCAA8F3B1C80226C002F5047 /* Assets.xcassets */,
				BCAA8F3D1C80226C002F5047 /* LaunchScreen.storyboard */,
				BCAA8F401C80226C002F5047 /* Info.plist */,
				BCAA8F2F1C80226B002F5047 /* Supporting Files */,
			);
			path = GitDemo1;
			sourceTree = "<group>";
		};
		BCAA8F2F1C80226B002F5047 /* Supporting Files */ = {
			isa = PBXGroup;
			children = (
				BCAA8F301C80226C002F5047 /* main.m */,
			);
			name = "Supporting Files";
			sourceTree = "<group>";
		};
		BCAA8F481C80226C002F5047 /* GitDemo1Tests */ = {
			isa = PBXGroup;
			children = (
				BCAA8F491C80226C002F5047 /* GitDemo1Tests.m */,
				BCAA8F4B1C80226C002F5047 /* Info.plist */,
			);
			path = GitDemo1Tests;
			sourceTree = "<group>";
		};
		BCAA8F531C80226C002F5047 /* GitDemo1UITests */ = {
			isa = PBXGroup;
			children = (
				BCAA8F541C80226C002F5047 /* GitDemo1UITests.m */,
				BCAA8F561C80226C002F5047 /* Info.plist */,
			);
			path = GitDemo1UITests;
			sourceTree = "<group>";
		};
		BCAA8F621C8025B7002F5047 /* A */ = {
			isa = PBXGroup;
			children = (
				BCAA8F631C8025D3002F5047 /* Person.h */,
				BCAA8F641C8025D3002F5047 /* Person.m */,
			);
			name = A;
			sourceTree = "<group>";
		};
/* End PBXGroup section */

/* Begin PBXNativeTarget section */
		BCAA8F2B1C80226B002F5047 /* GitDemo1 */ = {
			isa = PBXNativeTarget;
			buildConfigurationList = BCAA8F591C80226C002F5047 /* Build configuration list for PBXNativeTarget "GitDemo1" */;
			buildPhases = (
				BCAA8F281C80226B002F5047 /* Sources */,
				BCAA8F291C80226B002F5047 /* Frameworks */,
				BCAA8F2A1C80226B002F5047 /* Resources */,
			);
			buildRules = (
			);
			dependencies = (
			);
			name = GitDemo1;
			productName = GitDemo1;
			productReference = BCAA8F2C1C80226B002F5047 /* GitDemo1.app */;
			productType = "com.apple.product-type.application";
		};
		BCAA8F441C80226C002F5047 /* GitDemo1Tests */ = {
			isa = PBXNativeTarget;
			buildConfigurationList = BCAA8F5C1C80226C002F5047 /* Build configuration list for PBXNativeTarget "GitDemo1Tests" */;
			buildPhases = (
				BCAA8F411C80226C002F5047 /* Sources */,
				BCAA8F421C80226C002F5047 /* Frameworks */,
				BCAA8F431C80226C002F5047 /* Resources */,
			);
			buildRules = (
			);
			dependencies = (
				BCAA8F471C80226C002F5047 /* PBXTargetDependency */,
			);
			name = GitDemo1Tests;
			productName = GitDemo1Tests;
			productReference = BCAA8F451C80226C002F5047 /* GitDemo1Tests.xctest */;
			productType = "com.apple.product-type.bundle.unit-test";
		};
		BCAA8F4F1C80226C002F5047 /* GitDemo1UITests */ = {
			isa = PBXNativeTarget;
			buildConfigurationList = BCAA8F5F1C80226C002F5047 /* Build configuration list for PBXNativeTarget "GitDemo1UITests" */;
			buildPhases = (
				BCAA8F4C1C80226C002F5047 /* Sources */,
				BCAA8F4D1C80226C002F5047 /* Frameworks */,
				BCAA8F4E1C80226C002F5047 /* Resources */,
			);
			buildRules = (
			);
			dependencies = (
				BCAA8F521C80226C002F5047 /* PBXTargetDependency */,
			);
			name = GitDemo1UITests;
			productName = GitDemo1UITests;
			productReference = BCAA8F501C80226C002F5047 /* GitDemo1UITests.xctest */;
			productType = "com.apple.product-type.bundle.ui-testing";
		};
/* End PBXNativeTarget section */

/* Begin PBXProject section */
		BCAA8F241C80226B002F5047 /* Project object */ = {
			isa = PBXProject;
			attributes = {
				LastUpgradeCheck = 0720;
				ORGANIZATIONNAME = XuXiaoWei;
				TargetAttributes = {
					BCAA8F2B1C80226B002F5047 = {
						CreatedOnToolsVersion = 7.2;
						DevelopmentTeam = 6K24DWR7K9;
					};
					BCAA8F441C80226C002F5047 = {
						CreatedOnToolsVersion = 7.2;
						DevelopmentTeam = 6K24DWR7K9;
						TestTargetID = BCAA8F2B1C80226B002F5047;
					};
					BCAA8F4F1C80226C002F5047 = {
						CreatedOnToolsVersion = 7.2;
						DevelopmentTeam = 6K24DWR7K9;
						TestTargetID = BCAA8F2B1C80226B002F5047;
					};
				};
			};
			buildConfigurationList = BCAA8F271C80226B002F5047 /* Build configuration list for PBXProject "GitDemo1" */;
			compatibilityVersion = "Xcode 3.2";
			developmentRegion = English;
			hasScannedForEncodings = 0;
			knownRegions = (
				en,
				Base,
			);
			mainGroup = BCAA8F231C80226B002F5047;
			productRefGroup = BCAA8F2D1C80226B002F5047 /* Products */;
			projectDirPath = "";
			projectRoot = "";
			targets = (
				BCAA8F2B1C80226B002F5047 /* GitDemo1 */,
				BCAA8F441C80226C002F5047 /* GitDemo1Tests */,
				BCAA8F4F1C80226C002F5047 /* GitDemo1UITests */,
			);
		};
/* End PBXProject section */

/* Begin PBXResourcesBuildPhase section */
		BCAA8F2A1C80226B002F5047 /* Resources */ = {
			isa = PBXResourcesBuildPhase;
			buildActionMask = 2147483647;
			files = (
				BCAA8F3F1C80226C002F5047 /* LaunchScreen.storyboard in Resources */,
				BCAA8F3C1C80226C002F5047 /* Assets.xcassets in Resources */,
				BCAA8F3A1C80226C002F5047 /* Main.storyboard in Resources */,
			);
			runOnlyForDeploymentPostprocessing = 0;
		};
		BCAA8F431C80226C002F5047 /* Resources */ = {
			isa = PBXResourcesBuildPhase;
			buildActionMask = 2147483647;
			files = (
			);
			runOnlyForDeploymentPostprocessing = 0;
		};
		BCAA8F4E1C80226C002F5047 /* Resources */ = {
			isa = PBXResourcesBuildPhase;
			buildActionMask = 2147483647;
			files = (
			);
			runOnlyForDeploymentPostprocessing = 0;
		};
/* End PBXResourcesBuildPhase section */

/* Begin PBXSourcesBuildPhase section */
		BCAA8F281C80226B002F5047 /* Sources */ = {
			isa = PBXSourcesBuildPhase;
			buildActionMask = 2147483647;
			files = (
				BCAA8F371C80226C002F5047 /* ViewController.m in Sources */,
				BCAA8F341C80226C002F5047 /* AppDelegate.m in Sources */,
				BCAA8F651C8025D3002F5047 /* Person.m in Sources */,
				BCAA8F311C80226C002F5047 /* main.m in Sources */,
			);
			runOnlyForDeploymentPostprocessing = 0;
		};
		BCAA8F411C80226C002F5047 /* Sources */ = {
			isa = PBXSourcesBuildPhase;
			buildActionMask = 2147483647;
			files = (
				BCAA8F4A1C80226C002F5047 /* GitDemo1Tests.m in Sources */,
			);
			runOnlyForDeploymentPostprocessing = 0;
		};
		BCAA8F4C1C80226C002F5047 /* Sources */ = {
			isa = PBXSourcesBuildPhase;
			buildActionMask = 2147483647;
			files = (
				BCAA8F551C80226C002F5047 /* GitDemo1UITests.m in Sources */,
			);
			runOnlyForDeploymentPostprocessing = 0;
		};
/* End PBXSourcesBuildPhase section */

/* Begin PBXTargetDependency section */
		BCAA8F471C80226C002F5047 /* PBXTargetDependency */ = {
			isa = PBXTargetDependency;
			target = BCAA8F2B1C80226B002F5047 /* GitDemo1 */;
			targetProxy = BCAA8F461C80226C002F5047 /* PBXContainerItemProxy */;
		};
		BCAA8F521C80226C002F5047 /* PBXTargetDependency */ = {
			isa = PBXTargetDependency;
			target = BCAA8F2B1C80226B002F5047 /* GitDemo1 */;
			targetProxy = BCAA8F511C80226C002F5047 /* PBXContainerItemProxy */;
		};
/* End PBXTargetDependency section */

/* Begin PBXVariantGroup section */
		BCAA8F381C80226C002F5047 /* Main.storyboard */ = {
			isa = PBXVariantGroup;
			children = (
				BCAA8F391C80226C002F5047 /* Base */,
			);
			name = Main.storyboard;
			sourceTree = "<group>";
		};
		BCAA8F3D1C80226C002F5047 /* LaunchScreen.storyboard */ = {
			isa = PBXVariantGroup;
			children = (
				BCAA8F3E1C80226C002F5047 /* Base */,
			);
			name = LaunchScreen.storyboard;
			sourceTree = "<group>";
		};
/* End PBXVariantGroup section */

/* Begin XCBuildConfiguration section */
		BCAA8F571C80226C002F5047 /* Debug */ = {
			isa = XCBuildConfiguration;
			buildSettings = {
				ALWAYS_SEARCH_USER_PATHS = NO;
				CLANG_CXX_LANGUAGE_STANDARD = "gnu++0x";
				CLANG_CXX_LIBRARY = "libc++";
				CLANG_ENABLE_MODULES = YES;
				CLANG_ENABLE_OBJC_ARC = YES;
				CLANG_WARN_BOOL_CONVERSION = YES;
				CLANG_WARN_CONSTANT_CONVERSION = YES;
				CLANG_WARN_DIRECT_OBJC_ISA_USAGE = YES_ERROR;
				CLANG_WARN_EMPTY_BODY = YES;
				CLANG_WARN_ENUM_CONVERSION = YES;
				CLANG_WARN_INT_CONVERSION = YES;
				CLANG_WARN_OBJC_ROOT_CLASS = YES_ERROR;
				CLANG_WARN_UNREACHABLE_CODE = YES;
				CLANG_WARN__DUPLICATE_METHOD_MATCH = YES;
				"CODE_SIGN_IDENTITY[sdk=iphoneos*]" = "iPhone Developer";
				COPY_PHASE_STRIP = NO;
				DEBUG_INFORMATION_FORMAT = dwarf;
				ENABLE_STRICT_OBJC_MSGSEND = YES;
				ENABLE_TESTABILITY = YES;
				GCC_C_LANGUAGE_STANDARD = gnu99;
				GCC_DYNAMIC_NO_PIC = NO;
				GCC_NO_COMMON_BLOCKS = YES;
				GCC_OPTIMIZATION_LEVEL = 0;
				GCC_PREPROCESSOR_DEFINITIONS = (
					"DEBUG=1",
					"$(inherited)",
				);
				GCC_WARN_64_TO_32_BIT_CONVERSION = YES;
				GCC_WARN_ABOUT_RETURN_TYPE = YES_ERROR;
				GCC_WARN_UNDECLARED_SELECTOR = YES;
				GCC_WARN_UNINITIALIZED_AUTOS = YES_AGGRESSIVE;
				GCC_WARN_UNUSED_FUNCTION = YES;
				GCC_WARN_UNUSED_VARIABLE = YES;
				IPHONEOS_DEPLOYMENT_TARGET = 9.2;
				MTL_ENABLE_DEBUG_INFO = YES;
				ONLY_ACTIVE_ARCH = YES;
				SDKROOT = iphoneos;
			};
			name = Debug;
		};
		BCAA8F581C80226C002F5047 /* Release */ = {
			isa = XCBuildConfiguration;
			buildSettings = {
				ALWAYS_SEARCH_USER_PATHS = NO;
				CLANG_CXX_LANGUAGE_STANDARD = "gnu++0x";
				CLANG_CXX_LIBRARY = "libc++";
				CLANG_ENABLE_MODULES = YES;
				CLANG_ENABLE_OBJC_ARC = YES;
				CLANG_WARN_BOOL_CONVERSION = YES;
				CLANG_WARN_CONSTANT_CONVERSION = YES;
				CLANG_WARN_DIRECT_OBJC_ISA_USAGE = YES_ERROR;
				CLANG_WARN_EMPTY_BODY = YES;
				CLANG_WARN_ENUM_CONVERSION = YES;
				CLANG_WARN_INT_CONVERSION = YES;
				CLANG_WARN_OBJC_ROOT_CLASS = YES_ERROR;
				CLANG_WARN_UNREACHABLE_CODE = YES;
				CLANG_WARN__DUPLICATE_METHOD_MATCH = YES;
				"CODE_SIGN_IDENTITY[sdk=iphoneos*]" = "iPhone Developer";
				COPY_PHASE_STRIP = NO;
				DEBUG_INFORMATION_FORMAT = "dwarf-with-dsym";
				ENABLE_NS_ASSERTIONS = NO;
				ENABLE_STRICT_OBJC_MSGSEND = YES;
				GCC_C_LANGUAGE_STANDARD = gnu99;
				GCC_NO_COMMON_BLOCKS = YES;
				GCC_WARN_64_TO_32_BIT_CONVERSION = YES;
				GCC_WARN_ABOUT_RETURN_TYPE = YES_ERROR;
				GCC_WARN_UNDECLARED_SELECTOR = YES;
				GCC_WARN_UNINITIALIZED_AUTOS = YES_AGGRESSIVE;
				GCC_WARN_UNUSED_FUNCTION = YES;
				GCC_WARN_UNUSED_VARIABLE = YES;
				IPHONEOS_DEPLOYMENT_TARGET = 9.2;
				MTL_ENABLE_DEBUG_INFO = NO;
				SDKROOT = iphoneos;
				VALIDATE_PRODUCT = YES;
			};
			name = Release;
		};
		BCAA8F5A1C80226C002F5047 /* Debug */ = {
			isa = XCBuildConfiguration;
			buildSettings = {
				ASSETCATALOG_COMPILER_APPICON_NAME = AppIcon;
				INFOPLIST_FILE = GitDemo1/Info.plist;
				LD_RUNPATH_SEARCH_PATHS = "$(inherited) @executable_path/Frameworks";
				PRODUCT_BUNDLE_IDENTIFIER = com.1519.GitDemo1;
				PRODUCT_NAME = "$(TARGET_NAME)";
			};
			name = Debug;
		};
		BCAA8F5B1C80226C002F5047 /* Release */ = {
			isa = XCBuildConfiguration;
			buildSettings = {
				ASSETCATALOG_COMPILER_APPICON_NAME = AppIcon;
				INFOPLIST_FILE = GitDemo1/Info.plist;
				LD_RUNPATH_SEARCH_PATHS = "$(inherited) @executable_path/Frameworks";
				PRODUCT_BUNDLE_IDENTIFIER = com.1519.GitDemo1;
				PRODUCT_NAME = "$(TARGET_NAME)";
			};
			name = Release;
		};
		BCAA8F5D1C80226C002F5047 /* Debug */ = {
			isa = XCBuildConfiguration;
			buildSettings = {
				BUNDLE_LOADER = "$(TEST_HOST)";
				INFOPLIST_FILE = GitDemo1Tests/Info.plist;
				LD_RUNPATH_SEARCH_PATHS = "$(inherited) @executable_path/Frameworks @loader_path/Frameworks";
				PRODUCT_BUNDLE_IDENTIFIER = com.1519.GitDemo1Tests;
				PRODUCT_NAME = "$(TARGET_NAME)";
				TEST_HOST = "$(BUILT_PRODUCTS_DIR)/GitDemo1.app/GitDemo1";
			};
			name = Debug;
		};
		BCAA8F5E1C80226C002F5047 /* Release */ = {
			isa = XCBuildConfiguration;
			buildSettings = {
				BUNDLE_LOADER = "$(TEST_HOST)";
				INFOPLIST_FILE = GitDemo1Tests/Info.plist;
				LD_RUNPATH_SEARCH_PATHS = "$(inherited) @executable_path/Frameworks @loader_path/Frameworks";
				PRODUCT_BUNDLE_IDENTIFIER = com.1519.GitDemo1Tests;
				PRODUCT_NAME = "$(TARGET_NAME)";
				TEST_HOST = "$(BUILT_PRODUCTS_DIR)/GitDemo1.app/GitDemo1";
			};
			name = Release;
		};
		BCAA8F601C80226C002F5047 /* Debug */ = {
			isa = XCBuildConfiguration;
			buildSettings = {
				INFOPLIST_FILE = GitDemo1UITests/Info.plist;
				LD_RUNPATH_SEARCH_PATHS = "$(inherited) @executable_path/Frameworks @loader_path/Frameworks";
				PRODUCT_BUNDLE_IDENTIFIER = com.1519.GitDemo1UITests;
				PRODUCT_NAME = "$(TARGET_NAME)";
				TEST_TARGET_NAME = GitDemo1;
				USES_XCTRUNNER = YES;
			};
			name = Debug;
		};
		BCAA8F611C80226C002F5047 /* Release */ = {
			isa = XCBuildConfiguration;
			buildSettings = {
				INFOPLIST_FILE = GitDemo1UITests/Info.plist;
				LD_RUNPATH_SEARCH_PATHS = "$(inherited) @executable_path/Frameworks @loader_path/Frameworks";
				PRODUCT_BUNDLE_IDENTIFIER = com.1519.GitDemo1UITests;
				PRODUCT_NAME = "$(TARGET_NAME)";
				TEST_TARGET_NAME = GitDemo1;
				USES_XCTRUNNER = YES;
			};
			name = Release;
		};
/* End XCBuildConfiguration section */

/* Begin XCConfigurationList section */
		BCAA8F271C80226B002F5047 /* Build configuration list for PBXProject "GitDemo1" */ = {
			isa = XCConfigurationList;
			buildConfigurations = (
				BCAA8F571C80226C002F5047 /* Debug */,
				BCAA8F581C80226C002F5047 /* Release */,
			);
			defaultConfigurationIsVisible = 0;
			defaultConfigurationName = Release;
		};
		BCAA8F591C80226C002F5047 /* Build configuration list for PBXNativeTarget "GitDemo1" */ = {
			isa = XCConfigurationList;
			buildConfigurations = (
				BCAA8F5A1C80226C002F5047 /* Debug */,
				BCAA8F5B1C80226C002F5047 /* Release */,
			);
			defaultConfigurationIsVisible = 0;
			defaultConfigurationName = Release;
		};
		BCAA8F5C1C80226C002F5047 /* Build configuration list for PBXNativeTarget "GitDemo1Tests" */ = {
			isa = XCConfigurationList;
			buildConfigurations = (
				BCAA8F5D1C80226C002F5047 /* Debug */,
				BCAA8F5E1C80226C002F5047 /* Release */,
			);
			defaultConfigurationIsVisible = 0;
			defaultConfigurationName = Release;
		};
		BCAA8F5F1C80226C002F5047 /* Build configuration list for PBXNativeTarget "GitDemo1UITests" */ = {
			isa = XCConfigurationList;
			buildConfigurations = (
				BCAA8F601C80226C002F5047 /* Debug */,
				BCAA8F611C80226C002F5047 /* Release */,
			);
			defaultConfigurationIsVisible = 0;
			defaultConfigurationName = Release;
		};
/* End XCConfigurationList section */
	};
	rootObject = BCAA8F241C80226B002F5047 /* Project object */;
}
